// !$*UTF8*$!
{
	archiveVersion = 1;
	classes = {
	};
	objectVersion = 56;
	objects = {

/* Begin PBXBuildFile section */
		972B3C8029F0488C00C1B46C /* TriviaApp.swift in Sources */ = {isa = PBXBuildFile; fileRef = 972B3C7F29F0488C00C1B46C /* TriviaApp.swift */; };
		972B3C8429F0488F00C1B46C /* Assets.xcassets in Resources */ = {isa = PBXBuildFile; fileRef = 972B3C8329F0488F00C1B46C /* Assets.xcassets */; };
		972B3C8729F0488F00C1B46C /* Preview Assets.xcassets in Resources */ = {isa = PBXBuildFile; fileRef = 972B3C8629F0488F00C1B46C /* Preview Assets.xcassets */; };
		972B3C8E29F04A3800C1B46C /* TriviaView.swift in Sources */ = {isa = PBXBuildFile; fileRef = 972B3C8D29F04A3800C1B46C /* TriviaView.swift */; };
		972B3C9229F04AE000C1B46C /* TriviaQuestion.swift in Sources */ = {isa = PBXBuildFile; fileRef = 972B3C9129F04AE000C1B46C /* TriviaQuestion.swift */; };
		972B3C9729F088C400C1B46C /* NetworkService.swift in Sources */ = {isa = PBXBuildFile; fileRef = 972B3C9629F088C400C1B46C /* NetworkService.swift */; };
		976838542A2A2A5100A459E6 /* SavedQuestion.swift in Sources */ = {isa = PBXBuildFile; fileRef = 976838532A2A2A5100A459E6 /* SavedQuestion.swift */; };
		97697A8029F08F940038FBD4 /* SearchResult.swift in Sources */ = {isa = PBXBuildFile; fileRef = 97697A7F29F08F940038FBD4 /* SearchResult.swift */; };
		97851B0F2A2E3BC0001F2F6E /* Lottie in Frameworks */ = {isa = PBXBuildFile; productRef = 97851B0E2A2E3BC0001F2F6E /* Lottie */; };
		97A18F2129F19ADD004CA4E4 /* Categories.swift in Sources */ = {isa = PBXBuildFile; fileRef = 97A18F2029F19ADD004CA4E4 /* Categories.swift */; };
		97A18F2429F1AFDF004CA4E4 /* String.swift in Sources */ = {isa = PBXBuildFile; fileRef = 97A18F2329F1AFDF004CA4E4 /* String.swift */; };
		97CB782329F1E854009FED6D /* Blackbird in Frameworks */ = {isa = PBXBuildFile; productRef = 97CB782229F1E854009FED6D /* Blackbird */; };
		97CB782529F1EA3A009FED6D /* db.sqlite in Resources */ = {isa = PBXBuildFile; fileRef = 97CB782429F1EA39009FED6D /* db.sqlite */; };
		97CB782729F1EAD7009FED6D /* AppDatabase.swift in Sources */ = {isa = PBXBuildFile; fileRef = 97CB782629F1EAD7009FED6D /* AppDatabase.swift */; };
		97CB782929F1F8E9009FED6D /* SavedTrivia.swift in Sources */ = {isa = PBXBuildFile; fileRef = 97CB782829F1F8E9009FED6D /* SavedTrivia.swift */; };
		97CB782B29F225E3009FED6D /* SavedTriviaItemView.swift in Sources */ = {isa = PBXBuildFile; fileRef = 97CB782A29F225E3009FED6D /* SavedTriviaItemView.swift */; };
/* End PBXBuildFile section */

/* Begin PBXFileReference section */
		972B3C7C29F0488C00C1B46C /* Trivia.app */ = {isa = PBXFileReference; explicitFileType = wrapper.application; includeInIndex = 0; path = Trivia.app; sourceTree = BUILT_PRODUCTS_DIR; };
		972B3C7F29F0488C00C1B46C /* TriviaApp.swift */ = {isa = PBXFileReference; lastKnownFileType = sourcecode.swift; path = TriviaApp.swift; sourceTree = "<group>"; };
		972B3C8329F0488F00C1B46C /* Assets.xcassets */ = {isa = PBXFileReference; lastKnownFileType = folder.assetcatalog; path = Assets.xcassets; sourceTree = "<group>"; };
		972B3C8629F0488F00C1B46C /* Preview Assets.xcassets */ = {isa = PBXFileReference; lastKnownFileType = folder.assetcatalog; path = "Preview Assets.xcassets"; sourceTree = "<group>"; };
		972B3C8D29F04A3800C1B46C /* TriviaView.swift */ = {isa = PBXFileReference; lastKnownFileType = sourcecode.swift; path = TriviaView.swift; sourceTree = "<group>"; };
		972B3C9129F04AE000C1B46C /* TriviaQuestion.swift */ = {isa = PBXFileReference; lastKnownFileType = sourcecode.swift; path = TriviaQuestion.swift; sourceTree = "<group>"; };
		972B3C9629F088C400C1B46C /* NetworkService.swift */ = {isa = PBXFileReference; lastKnownFileType = sourcecode.swift; path = NetworkService.swift; sourceTree = "<group>"; };
		976838532A2A2A5100A459E6 /* SavedQuestion.swift */ = {isa = PBXFileReference; lastKnownFileType = sourcecode.swift; path = SavedQuestion.swift; sourceTree = "<group>"; };
		97697A7F29F08F940038FBD4 /* SearchResult.swift */ = {isa = PBXFileReference; lastKnownFileType = sourcecode.swift; path = SearchResult.swift; sourceTree = "<group>"; };
		97A18F2029F19ADD004CA4E4 /* Categories.swift */ = {isa = PBXFileReference; lastKnownFileType = sourcecode.swift; path = Categories.swift; sourceTree = "<group>"; };
		97A18F2329F1AFDF004CA4E4 /* String.swift */ = {isa = PBXFileReference; lastKnownFileType = sourcecode.swift; path = String.swift; sourceTree = "<group>"; };
		97CB782429F1EA39009FED6D /* db.sqlite */ = {isa = PBXFileReference; lastKnownFileType = file; path = db.sqlite; sourceTree = "<group>"; };
		97CB782629F1EAD7009FED6D /* AppDatabase.swift */ = {isa = PBXFileReference; lastKnownFileType = sourcecode.swift; path = AppDatabase.swift; sourceTree = "<group>"; };
		97CB782829F1F8E9009FED6D /* SavedTrivia.swift */ = {isa = PBXFileReference; lastKnownFileType = sourcecode.swift; path = SavedTrivia.swift; sourceTree = "<group>"; };
		97CB782A29F225E3009FED6D /* SavedTriviaItemView.swift */ = {isa = PBXFileReference; lastKnownFileType = sourcecode.swift; path = SavedTriviaItemView.swift; sourceTree = "<group>"; };
/* End PBXFileReference section */

/* Begin PBXFrameworksBuildPhase section */
		972B3C7929F0488C00C1B46C /* Frameworks */ = {
			isa = PBXFrameworksBuildPhase;
			buildActionMask = 2147483647;
			files = (
				97CB782329F1E854009FED6D /* Blackbird in Frameworks */,
				97851B0F2A2E3BC0001F2F6E /* Lottie in Frameworks */,
			);
			runOnlyForDeploymentPostprocessing = 0;
		};
/* End PBXFrameworksBuildPhase section */

/* Begin PBXGroup section */
		972B3C7329F0488C00C1B46C = {
			isa = PBXGroup;
			children = (
				972B3C7E29F0488C00C1B46C /* Trivia */,
				972B3C7D29F0488C00C1B46C /* Products */,
			);
			sourceTree = "<group>";
		};
		972B3C7D29F0488C00C1B46C /* Products */ = {
			isa = PBXGroup;
			children = (
				972B3C7C29F0488C00C1B46C /* Trivia.app */,
			);
			name = Products;
			sourceTree = "<group>";
		};
		972B3C7E29F0488C00C1B46C /* Trivia */ = {
			isa = PBXGroup;
			children = (
				972B3C7F29F0488C00C1B46C /* TriviaApp.swift */,
				972B3C9029F04A4800C1B46C /* Model */,
				97A18F2229F1AFC1004CA4E4 /* Helpers */,
				972B3C9529F088A900C1B46C /* Services */,
				972B3C8F29F04A4100C1B46C /* Views */,
				972B3C8329F0488F00C1B46C /* Assets.xcassets */,
				972B3C8529F0488F00C1B46C /* Preview Content */,
			);
			path = Trivia;
			sourceTree = "<group>";
		};
		972B3C8529F0488F00C1B46C /* Preview Content */ = {
			isa = PBXGroup;
			children = (
				972B3C8629F0488F00C1B46C /* Preview Assets.xcassets */,
			);
			path = "Preview Content";
			sourceTree = "<group>";
		};
		972B3C8F29F04A4100C1B46C /* Views */ = {
			isa = PBXGroup;
			children = (
				972B3C8D29F04A3800C1B46C /* TriviaView.swift */,
				97CB782829F1F8E9009FED6D /* SavedTrivia.swift */,
				97CB782A29F225E3009FED6D /* SavedTriviaItemView.swift */,
			);
			path = Views;
			sourceTree = "<group>";
		};
		972B3C9029F04A4800C1B46C /* Model */ = {
			isa = PBXGroup;
			children = (
				97697A7F29F08F940038FBD4 /* SearchResult.swift */,
				972B3C9129F04AE000C1B46C /* TriviaQuestion.swift */,
				976838532A2A2A5100A459E6 /* SavedQuestion.swift */,
				97A18F2029F19ADD004CA4E4 /* Categories.swift */,
				97CB782429F1EA39009FED6D /* db.sqlite */,
			);
			path = Model;
			sourceTree = "<group>";
		};
		972B3C9529F088A900C1B46C /* Services */ = {
			isa = PBXGroup;
			children = (
				972B3C9629F088C400C1B46C /* NetworkService.swift */,
			);
			path = Services;
			sourceTree = "<group>";
		};
		97A18F2229F1AFC1004CA4E4 /* Helpers */ = {
			isa = PBXGroup;
			children = (
				97A18F2329F1AFDF004CA4E4 /* String.swift */,
				97CB782629F1EAD7009FED6D /* AppDatabase.swift */,
			);
			path = Helpers;
			sourceTree = "<group>";
		};
/* End PBXGroup section */

/* Begin PBXNativeTarget section */
		972B3C7B29F0488C00C1B46C /* Trivia */ = {
			isa = PBXNativeTarget;
			buildConfigurationList = 972B3C8A29F0488F00C1B46C /* Build configuration list for PBXNativeTarget "Trivia" */;
			buildPhases = (
				972B3C7829F0488C00C1B46C /* Sources */,
				972B3C7929F0488C00C1B46C /* Frameworks */,
				972B3C7A29F0488C00C1B46C /* Resources */,
			);
			buildRules = (
			);
			dependencies = (
			);
			name = Trivia;
			packageProductDependencies = (
				97CB782229F1E854009FED6D /* Blackbird */,
				97851B0E2A2E3BC0001F2F6E /* Lottie */,
			);
			productName = Trivia;
			productReference = 972B3C7C29F0488C00C1B46C /* Trivia.app */;
			productType = "com.apple.product-type.application";
		};
/* End PBXNativeTarget section */

/* Begin PBXProject section */
		972B3C7429F0488C00C1B46C /* Project object */ = {
			isa = PBXProject;
			attributes = {
				BuildIndependentTargetsInParallel = 1;
				LastSwiftUpdateCheck = 1430;
				LastUpgradeCheck = 1430;
				TargetAttributes = {
					972B3C7B29F0488C00C1B46C = {
						CreatedOnToolsVersion = 14.3;
					};
				};
			};
			buildConfigurationList = 972B3C7729F0488C00C1B46C /* Build configuration list for PBXProject "Trivia" */;
			compatibilityVersion = "Xcode 14.0";
			developmentRegion = en;
			hasScannedForEncodings = 0;
			knownRegions = (
				en,
				Base,
			);
			mainGroup = 972B3C7329F0488C00C1B46C;
			packageReferences = (
				97CB782129F1E854009FED6D /* XCRemoteSwiftPackageReference "Blackbird" */,
				97851B0D2A2E3BC0001F2F6E /* XCRemoteSwiftPackageReference "lottie-ios" */,
			);
			productRefGroup = 972B3C7D29F0488C00C1B46C /* Products */;
			projectDirPath = "";
			projectRoot = "";
			targets = (
				972B3C7B29F0488C00C1B46C /* Trivia */,
			);
		};
/* End PBXProject section */

/* Begin PBXResourcesBuildPhase section */
		972B3C7A29F0488C00C1B46C /* Resources */ = {
			isa = PBXResourcesBuildPhase;
			buildActionMask = 2147483647;
			files = (
				972B3C8729F0488F00C1B46C /* Preview Assets.xcassets in Resources */,
				97CB782529F1EA3A009FED6D /* db.sqlite in Resources */,
				972B3C8429F0488F00C1B46C /* Assets.xcassets in Resources */,
			);
			runOnlyForDeploymentPostprocessing = 0;
		};
/* End PBXResourcesBuildPhase section */

/* Begin PBXSourcesBuildPhase section */
		972B3C7829F0488C00C1B46C /* Sources */ = {
			isa = PBXSourcesBuildPhase;
			buildActionMask = 2147483647;
			files = (
				972B3C8029F0488C00C1B46C /* TriviaApp.swift in Sources */,
				972B3C9229F04AE000C1B46C /* TriviaQuestion.swift in Sources */,
				97CB782729F1EAD7009FED6D /* AppDatabase.swift in Sources */,
				97CB782929F1F8E9009FED6D /* SavedTrivia.swift in Sources */,
				97697A8029F08F940038FBD4 /* SearchResult.swift in Sources */,
				972B3C9729F088C400C1B46C /* NetworkService.swift in Sources */,
				97CB782B29F225E3009FED6D /* SavedTriviaItemView.swift in Sources */,
				97A18F2429F1AFDF004CA4E4 /* String.swift in Sources */,
				976838542A2A2A5100A459E6 /* SavedQuestion.swift in Sources */,
				972B3C8E29F04A3800C1B46C /* TriviaView.swift in Sources */,
				97A18F2129F19ADD004CA4E4 /* Categories.swift in Sources */,
			);
			runOnlyForDeploymentPostprocessing = 0;
		};
/* End PBXSourcesBuildPhase section */

/* Begin XCBuildConfiguration section */
		972B3C8829F0488F00C1B46C /* Debug */ = {
			isa = XCBuildConfiguration;
			buildSettings = {
				ALWAYS_SEARCH_USER_PATHS = NO;
				CLANG_ANALYZER_NONNULL = YES;
				CLANG_ANALYZER_NUMBER_OBJECT_CONVERSION = YES_AGGRESSIVE;
				CLANG_CXX_LANGUAGE_STANDARD = "gnu++20";
				CLANG_ENABLE_MODULES = YES;
				CLANG_ENABLE_OBJC_ARC = YES;
				CLANG_ENABLE_OBJC_WEAK = YES;
				CLANG_WARN_BLOCK_CAPTURE_AUTORELEASING = YES;
				CLANG_WARN_BOOL_CONVERSION = YES;
				CLANG_WARN_COMMA = YES;
				CLANG_WARN_CONSTANT_CONVERSION = YES;
				CLANG_WARN_DEPRECATED_OBJC_IMPLEMENTATIONS = YES;
				CLANG_WARN_DIRECT_OBJC_ISA_USAGE = YES_ERROR;
				CLANG_WARN_DOCUMENTATION_COMMENTS = YES;
				CLANG_WARN_EMPTY_BODY = YES;
				CLANG_WARN_ENUM_CONVERSION = YES;
				CLANG_WARN_INFINITE_RECURSION = YES;
				CLANG_WARN_INT_CONVERSION = YES;
				CLANG_WARN_NON_LITERAL_NULL_CONVERSION = YES;
				CLANG_WARN_OBJC_IMPLICIT_RETAIN_SELF = YES;
				CLANG_WARN_OBJC_LITERAL_CONVERSION = YES;
				CLANG_WARN_OBJC_ROOT_CLASS = YES_ERROR;
				CLANG_WARN_QUOTED_INCLUDE_IN_FRAMEWORK_HEADER = YES;
				CLANG_WARN_RANGE_LOOP_ANALYSIS = YES;
				CLANG_WARN_STRICT_PROTOTYPES = YES;
				CLANG_WARN_SUSPICIOUS_MOVE = YES;
				CLANG_WARN_UNGUARDED_AVAILABILITY = YES_AGGRESSIVE;
				CLANG_WARN_UNREACHABLE_CODE = YES;
				CLANG_WARN__DUPLICATE_METHOD_MATCH = YES;
				COPY_PHASE_STRIP = NO;
				DEBUG_INFORMATION_FORMAT = dwarf;
				ENABLE_STRICT_OBJC_MSGSEND = YES;
				ENABLE_TESTABILITY = YES;
				GCC_C_LANGUAGE_STANDARD = gnu11;
				GCC_DYNAMIC_NO_PIC = NO;
				GCC_NO_COMMON_BLOCKS = YES;
				GCC_OPTIMIZATION_LEVEL = 0;
				GCC_PREPROCESSOR_DEFINITIONS = (
					"DEBUG=1",
					"$(inherited)",
				);
				GCC_WARN_64_TO_32_BIT_CONVERSION = YES;
				GCC_WARN_ABOUT_RETURN_TYPE = YES_ERROR;
				GCC_WARN_UNDECLARED_SELECTOR = YES;
				GCC_WARN_UNINITIALIZED_AUTOS = YES_AGGRESSIVE;
				GCC_WARN_UNUSED_FUNCTION = YES;
				GCC_WARN_UNUSED_VARIABLE = YES;
				IPHONEOS_DEPLOYMENT_TARGET = 16.4;
				MTL_ENABLE_DEBUG_INFO = INCLUDE_SOURCE;
				MTL_FAST_MATH = YES;
				ONLY_ACTIVE_ARCH = YES;
				SDKROOT = iphoneos;
				SWIFT_ACTIVE_COMPILATION_CONDITIONS = DEBUG;
				SWIFT_OPTIMIZATION_LEVEL = "-Onone";
			};
			name = Debug;
		};
		972B3C8929F0488F00C1B46C /* Release */ = {
			isa = XCBuildConfiguration;
			buildSettings = {
				ALWAYS_SEARCH_USER_PATHS = NO;
				CLANG_ANALYZER_NONNULL = YES;
				CLANG_ANALYZER_NUMBER_OBJECT_CONVERSION = YES_AGGRESSIVE;
				CLANG_CXX_LANGUAGE_STANDARD = "gnu++20";
				CLANG_ENABLE_MODULES = YES;
				CLANG_ENABLE_OBJC_ARC = YES;
				CLANG_ENABLE_OBJC_WEAK = YES;
				CLANG_WARN_BLOCK_CAPTURE_AUTORELEASING = YES;
				CLANG_WARN_BOOL_CONVERSION = YES;
				CLANG_WARN_COMMA = YES;
				CLANG_WARN_CONSTANT_CONVERSION = YES;
				CLANG_WARN_DEPRECATED_OBJC_IMPLEMENTATIONS = YES;
				CLANG_WARN_DIRECT_OBJC_ISA_USAGE = YES_ERROR;
				CLANG_WARN_DOCUMENTATION_COMMENTS = YES;
				CLANG_WARN_EMPTY_BODY = YES;
				CLANG_WARN_ENUM_CONVERSION = YES;
				CLANG_WARN_INFINITE_RECURSION = YES;
				CLANG_WARN_INT_CONVERSION = YES;
				CLANG_WARN_NON_LITERAL_NULL_CONVERSION = YES;
				CLANG_WARN_OBJC_IMPLICIT_RETAIN_SELF = YES;
				CLANG_WARN_OBJC_LITERAL_CONVERSION = YES;
				CLANG_WARN_OBJC_ROOT_CLASS = YES_ERROR;
				CLANG_WARN_QUOTED_INCLUDE_IN_FRAMEWORK_HEADER = YES;
				CLANG_WARN_RANGE_LOOP_ANALYSIS = YES;
				CLANG_WARN_STRICT_PROTOTYPES = YES;
				CLANG_WARN_SUSPICIOUS_MOVE = YES;
				CLANG_WARN_UNGUARDED_AVAILABILITY = YES_AGGRESSIVE;
				CLANG_WARN_UNREACHABLE_CODE = YES;
				CLANG_WARN__DUPLICATE_METHOD_MATCH = YES;
				COPY_PHASE_STRIP = NO;
				DEBUG_INFORMATION_FORMAT = "dwarf-with-dsym";
				ENABLE_NS_ASSERTIONS = NO;
				ENABLE_STRICT_OBJC_MSGSEND = YES;
				GCC_C_LANGUAGE_STANDARD = gnu11;
				GCC_NO_COMMON_BLOCKS = YES;
				GCC_WARN_64_TO_32_BIT_CONVERSION = YES;
				GCC_WARN_ABOUT_RETURN_TYPE = YES_ERROR;
				GCC_WARN_UNDECLARED_SELECTOR = YES;
				GCC_WARN_UNINITIALIZED_AUTOS = YES_AGGRESSIVE;
				GCC_WARN_UNUSED_FUNCTION = YES;
				GCC_WARN_UNUSED_VARIABLE = YES;
				IPHONEOS_DEPLOYMENT_TARGET = 16.4;
				MTL_ENABLE_DEBUG_INFO = NO;
				MTL_FAST_MATH = YES;
				SDKROOT = iphoneos;
				SWIFT_COMPILATION_MODE = wholemodule;
				SWIFT_OPTIMIZATION_LEVEL = "-O";
				VALIDATE_PRODUCT = YES;
			};
			name = Release;
		};
		972B3C8B29F0488F00C1B46C /* Debug */ = {
			isa = XCBuildConfiguration;
			buildSettings = {
				ASSETCATALOG_COMPILER_APPICON_NAME = AppIcon;
				ASSETCATALOG_COMPILER_GLOBAL_ACCENT_COLOR_NAME = AccentColor;
				CODE_SIGN_STYLE = Automatic;
				CURRENT_PROJECT_VERSION = 1;
				DEVELOPMENT_ASSET_PATHS = "\"Trivia/Preview Content\"";
				DEVELOPMENT_TEAM = 3QJX352HC2;
				ENABLE_PREVIEWS = YES;
				GENERATE_INFOPLIST_FILE = YES;
				INFOPLIST_KEY_UIApplicationSceneManifest_Generation = YES;
				INFOPLIST_KEY_UIApplicationSupportsIndirectInputEvents = YES;
				INFOPLIST_KEY_UILaunchScreen_Generation = YES;
				INFOPLIST_KEY_UISupportedInterfaceOrientations_iPad = "UIInterfaceOrientationPortrait UIInterfaceOrientationPortraitUpsideDown UIInterfaceOrientationLandscapeLeft UIInterfaceOrientationLandscapeRight";
				INFOPLIST_KEY_UISupportedInterfaceOrientations_iPhone = "UIInterfaceOrientationPortrait UIInterfaceOrientationLandscapeLeft UIInterfaceOrientationLandscapeRight";
				LD_RUNPATH_SEARCH_PATHS = (
					"$(inherited)",
					"@executable_path/Frameworks",
				);
				MARKETING_VERSION = 1.0;
				PRODUCT_BUNDLE_IDENTIFIER = ca.graemearmstrong.Trivia;
				PRODUCT_NAME = "$(TARGET_NAME)";
				SWIFT_EMIT_LOC_STRINGS = YES;
				SWIFT_VERSION = 5.0;
				TARGETED_DEVICE_FAMILY = "1,2";
			};
			name = Debug;
		};
		972B3C8C29F0488F00C1B46C /* Release */ = {
			isa = XCBuildConfiguration;
			buildSettings = {
				ASSETCATALOG_COMPILER_APPICON_NAME = AppIcon;
				ASSETCATALOG_COMPILER_GLOBAL_ACCENT_COLOR_NAME = AccentColor;
				CODE_SIGN_STYLE = Automatic;
				CURRENT_PROJECT_VERSION = 1;
				DEVELOPMENT_ASSET_PATHS = "\"Trivia/Preview Content\"";
				DEVELOPMENT_TEAM = 3QJX352HC2;
				ENABLE_PREVIEWS = YES;
				GENERATE_INFOPLIST_FILE = YES;
				INFOPLIST_KEY_UIApplicationSceneManifest_Generation = YES;
				INFOPLIST_KEY_UIApplicationSupportsIndirectInputEvents = YES;
				INFOPLIST_KEY_UILaunchScreen_Generation = YES;
				INFOPLIST_KEY_UISupportedInterfaceOrientations_iPad = "UIInterfaceOrientationPortrait UIInterfaceOrientationPortraitUpsideDown UIInterfaceOrientationLandscapeLeft UIInterfaceOrientationLandscapeRight";
				INFOPLIST_KEY_UISupportedInterfaceOrientations_iPhone = "UIInterfaceOrientationPortrait UIInterfaceOrientationLandscapeLeft UIInterfaceOrientationLandscapeRight";
				LD_RUNPATH_SEARCH_PATHS = (
					"$(inherited)",
					"@executable_path/Frameworks",
				);
				MARKETING_VERSION = 1.0;
				PRODUCT_BUNDLE_IDENTIFIER = ca.graemearmstrong.Trivia;
				PRODUCT_NAME = "$(TARGET_NAME)";
				SWIFT_EMIT_LOC_STRINGS = YES;
				SWIFT_VERSION = 5.0;
				TARGETED_DEVICE_FAMILY = "1,2";
			};
			name = Release;
		};
/* End XCBuildConfiguration section */

/* Begin XCConfigurationList section */
		972B3C7729F0488C00C1B46C /* Build configuration list for PBXProject "Trivia" */ = {
			isa = XCConfigurationList;
			buildConfigurations = (
				972B3C8829F0488F00C1B46C /* Debug */,
				972B3C8929F0488F00C1B46C /* Release */,
			);
			defaultConfigurationIsVisible = 0;
			defaultConfigurationName = Release;
		};
		972B3C8A29F0488F00C1B46C /* Build configuration list for PBXNativeTarget "Trivia" */ = {
			isa = XCConfigurationList;
			buildConfigurations = (
				972B3C8B29F0488F00C1B46C /* Debug */,
				972B3C8C29F0488F00C1B46C /* Release */,
			);
			defaultConfigurationIsVisible = 0;
			defaultConfigurationName = Release;
		};
/* End XCConfigurationList section */

/* Begin XCRemoteSwiftPackageReference section */
		97851B0D2A2E3BC0001F2F6E /* XCRemoteSwiftPackageReference "lottie-ios" */ = {
			isa = XCRemoteSwiftPackageReference;
			repositoryURL = "https://github.com/airbnb/lottie-ios";
			requirement = {
				kind = upToNextMajorVersion;
				minimumVersion = 4.0.0;
			};
		};
		97CB782129F1E854009FED6D /* XCRemoteSwiftPackageReference "Blackbird" */ = {
			isa = XCRemoteSwiftPackageReference;
			repositoryURL = "https://github.com/marcoarment/Blackbird";
			requirement = {
				branch = main;
				kind = branch;
			};
		};
/* End XCRemoteSwiftPackageReference section */

/* Begin XCSwiftPackageProductDependency section */
		97851B0E2A2E3BC0001F2F6E /* Lottie */ = {
			isa = XCSwiftPackageProductDependency;
			package = 97851B0D2A2E3BC0001F2F6E /* XCRemoteSwiftPackageReference "lottie-ios" */;
			productName = Lottie;
		};
		97CB782229F1E854009FED6D /* Blackbird */ = {
			isa = XCSwiftPackageProductDependency;
			package = 97CB782129F1E854009FED6D /* XCRemoteSwiftPackageReference "Blackbird" */;
			productName = Blackbird;
		};
/* End XCSwiftPackageProductDependency section */
	};
	rootObject = 972B3C7429F0488C00C1B46C /* Project object */;
}
